// !$*UTF8*$!
{
	archiveVersion = 1;
	classes = {
	};
	objectVersion = 50;
	objects = {

/* Begin PBXBuildFile section */
		6209CF5E24228A88009D8ED1 /* Concentration.swift in Sources */ = {isa = PBXBuildFile; fileRef = 6209CF5D24228A88009D8ED1 /* Concentration.swift */; };
		6209CF6024228BBC009D8ED1 /* Card.swift in Sources */ = {isa = PBXBuildFile; fileRef = 6209CF5F24228BBC009D8ED1 /* Card.swift */; };
		62CED9C02417CC1600CBD39F /* AppDelegate.swift in Sources */ = {isa = PBXBuildFile; fileRef = 62CED9BF2417CC1600CBD39F /* AppDelegate.swift */; };
		62CED9C22417CC1600CBD39F /* SceneDelegate.swift in Sources */ = {isa = PBXBuildFile; fileRef = 62CED9C12417CC1600CBD39F /* SceneDelegate.swift */; };
		62CED9C42417CC1600CBD39F /* ViewController.swift in Sources */ = {isa = PBXBuildFile; fileRef = 62CED9C32417CC1600CBD39F /* ViewController.swift */; };
		62CED9C72417CC1600CBD39F /* Main.storyboard in Resources */ = {isa = PBXBuildFile; fileRef = 62CED9C52417CC1600CBD39F /* Main.storyboard */; };
		62CED9C92417CC1700CBD39F /* Assets.xcassets in Resources */ = {isa = PBXBuildFile; fileRef = 62CED9C82417CC1700CBD39F /* Assets.xcassets */; };
		62CED9CC2417CC1700CBD39F /* LaunchScreen.storyboard in Resources */ = {isa = PBXBuildFile; fileRef = 62CED9CA2417CC1700CBD39F /* LaunchScreen.storyboard */; };
/* End PBXBuildFile section */

/* Begin PBXFileReference section */
		6209CF5D24228A88009D8ED1 /* Concentration.swift */ = {isa = PBXFileReference; lastKnownFileType = sourcecode.swift; path = Concentration.swift; sourceTree = "<group>"; };
		6209CF5F24228BBC009D8ED1 /* Card.swift */ = {isa = PBXFileReference; lastKnownFileType = sourcecode.swift; path = Card.swift; sourceTree = "<group>"; };
		62CED9BC2417CC1600CBD39F /* Concentration.app */ = {isa = PBXFileReference; explicitFileType = wrapper.application; includeInIndex = 0; path = Concentration.app; sourceTree = BUILT_PRODUCTS_DIR; };
		62CED9BF2417CC1600CBD39F /* AppDelegate.swift */ = {isa = PBXFileReference; lastKnownFileType = sourcecode.swift; path = AppDelegate.swift; sourceTree = "<group>"; };
		62CED9C12417CC1600CBD39F /* SceneDelegate.swift */ = {isa = PBXFileReference; lastKnownFileType = sourcecode.swift; path = SceneDelegate.swift; sourceTree = "<group>"; };
		62CED9C32417CC1600CBD39F /* ViewController.swift */ = {isa = PBXFileReference; lastKnownFileType = sourcecode.swift; path = ViewController.swift; sourceTree = "<group>"; };
		62CED9C62417CC1600CBD39F /* Base */ = {isa = PBXFileReference; lastKnownFileType = file.storyboard; name = Base; path = Base.lproj/Main.storyboard; sourceTree = "<group>"; };
		62CED9C82417CC1700CBD39F /* Assets.xcassets */ = {isa = PBXFileReference; lastKnownFileType = folder.assetcatalog; path = Assets.xcassets; sourceTree = "<group>"; };
		62CED9CB2417CC1700CBD39F /* Base */ = {isa = PBXFileReference; lastKnownFileType = file.storyboard; name = Base; path = Base.lproj/LaunchScreen.storyboard; sourceTree = "<group>"; };
		62CED9CD2417CC1700CBD39F /* Info.plist */ = {isa = PBXFileReference; lastKnownFileType = text.plist.xml; path = Info.plist; sourceTree = "<group>"; };
/* End PBXFileReference section */

/* Begin PBXFrameworksBuildPhase section */
		62CED9B92417CC1600CBD39F /* Frameworks */ = {
			isa = PBXFrameworksBuildPhase;
			buildActionMask = 2147483647;
			files = (
			);
			runOnlyForDeploymentPostprocessing = 0;
		};
/* End PBXFrameworksBuildPhase section */

/* Begin PBXGroup section */
		62CED9B32417CC1600CBD39F = {
			isa = PBXGroup;
			children = (
				62CED9BE2417CC1600CBD39F /* Concentration */,
				62CED9BD2417CC1600CBD39F /* Products */,
			);
			sourceTree = "<group>";
		};
		62CED9BD2417CC1600CBD39F /* Products */ = {
			isa = PBXGroup;
			children = (
				62CED9BC2417CC1600CBD39F /* Concentration.app */,
			);
			name = Products;
			sourceTree = "<group>";
		};
		62CED9BE2417CC1600CBD39F /* Concentration */ = {
			isa = PBXGroup;
			children = (
				6209CF5D24228A88009D8ED1 /* Concentration.swift */,
				6209CF5F24228BBC009D8ED1 /* Card.swift */,
				62FDBA10241A823300D06C3C /* Supporting Files */,
				62CED9C32417CC1600CBD39F /* ViewController.swift */,
				62CED9C52417CC1600CBD39F /* Main.storyboard */,
				62CED9CD2417CC1700CBD39F /* Info.plist */,
			);
			path = Concentration;
			sourceTree = "<group>";
		};
		62FDBA10241A823300D06C3C /* Supporting Files */ = {
			isa = PBXGroup;
			children = (
				62CED9BF2417CC1600CBD39F /* AppDelegate.swift */,
				62CED9C12417CC1600CBD39F /* SceneDelegate.swift */,
				62CED9C82417CC1700CBD39F /* Assets.xcassets */,
				62CED9CA2417CC1700CBD39F /* LaunchScreen.storyboard */,
			);
			path = "Supporting Files";
			sourceTree = "<group>";
		};
/* End PBXGroup section */

/* Begin PBXNativeTarget section */
		62CED9BB2417CC1600CBD39F /* Concentration */ = {
			isa = PBXNativeTarget;
			buildConfigurationList = 62CED9D02417CC1700CBD39F /* Build configuration list for PBXNativeTarget "Concentration" */;
			buildPhases = (
				62CED9B82417CC1600CBD39F /* Sources */,
				62CED9B92417CC1600CBD39F /* Frameworks */,
				62CED9BA2417CC1600CBD39F /* Resources */,
			);
			buildRules = (
			);
			dependencies = (
			);
			name = Concentration;
			productName = Concentration;
			productReference = 62CED9BC2417CC1600CBD39F /* Concentration.app */;
			productType = "com.apple.product-type.application";
		};
/* End PBXNativeTarget section */

/* Begin PBXProject section */
		62CED9B42417CC1600CBD39F /* Project object */ = {
			isa = PBXProject;
			attributes = {
				LastSwiftUpdateCheck = 1130;
				LastUpgradeCheck = 1130;
				ORGANIZATIONNAME = "Wilbert Joseph";
				TargetAttributes = {
					62CED9BB2417CC1600CBD39F = {
						CreatedOnToolsVersion = 11.3;
					};
				};
			};
			buildConfigurationList = 62CED9B72417CC1600CBD39F /* Build configuration list for PBXProject "Concentration" */;
			compatibilityVersion = "Xcode 9.3";
			developmentRegion = en;
			hasScannedForEncodings = 0;
			knownRegions = (
				en,
				Base,
			);
			mainGroup = 62CED9B32417CC1600CBD39F;
			productRefGroup = 62CED9BD2417CC1600CBD39F /* Products */;
			projectDirPath = "";
			projectRoot = "";
			targets = (
				62CED9BB2417CC1600CBD39F /* Concentration */,
			);
		};
/* End PBXProject section */

/* Begin PBXResourcesBuildPhase section */
		62CED9BA2417CC1600CBD39F /* Resources */ = {
			isa = PBXResourcesBuildPhase;
			buildActionMask = 2147483647;
			files = (
				62CED9CC2417CC1700CBD39F /* LaunchScreen.storyboard in Resources */,
				62CED9C92417CC1700CBD39F /* Assets.xcassets in Resources */,
				62CED9C72417CC1600CBD39F /* Main.storyboard in Resources */,
			);
			runOnlyForDeploymentPostprocessing = 0;
		};
/* End PBXResourcesBuildPhase section */

/* Begin PBXSourcesBuildPhase section */
		62CED9B82417CC1600CBD39F /* Sources */ = {
			isa = PBXSourcesBuildPhase;
			buildActionMask = 2147483647;
			files = (
				62CED9C42417CC1600CBD39F /* ViewController.swift in Sources */,
				6209CF5E24228A88009D8ED1 /* Concentration.swift in Sources */,
				6209CF6024228BBC009D8ED1 /* Card.swift in Sources */,
				62CED9C02417CC1600CBD39F /* AppDelegate.swift in Sources */,
				62CED9C22417CC1600CBD39F /* SceneDelegate.swift in Sources */,
			);
			runOnlyForDeploymentPostprocessing = 0;
		};
/* End PBXSourcesBuildPhase section */

/* Begin PBXVariantGroup section */
		62CED9C52417CC1600CBD39F /* Main.storyboard */ = {
			isa = PBXVariantGroup;
			children = (
				62CED9C62417CC1600CBD39F /* Base */,
			);
			name = Main.storyboard;
			sourceTree = "<group>";
		};
		62CED9CA2417CC1700CBD39F /* LaunchScreen.storyboard */ = {
			isa = PBXVariantGroup;
			children = (
				62CED9CB2417CC1700CBD39F /* Base */,
			);
			name = LaunchScreen.storyboard;
			sourceTree = "<group>";
		};
/* End PBXVariantGroup section */

/* Begin XCBuildConfiguration section */
		62CED9CE2417CC1700CBD39F /* Debug */ = {
			isa = XCBuildConfiguration;
			buildSettings = {
				ALWAYS_SEARCH_USER_PATHS = NO;
				CLANG_ANALYZER_NONNULL = YES;
				CLANG_ANALYZER_NUMBER_OBJECT_CONVERSION = YES_AGGRESSIVE;
				CLANG_CXX_LANGUAGE_STANDARD = "gnu++14";
				CLANG_CXX_LIBRARY = "libc++";
				CLANG_ENABLE_MODULES = YES;
				CLANG_ENABLE_OBJC_ARC = YES;
				CLANG_ENABLE_OBJC_WEAK = YES;
				CLANG_WARN_BLOCK_CAPTURE_AUTORELEASING = YES;
				CLANG_WARN_BOOL_CONVERSION = YES;
				CLANG_WARN_COMMA = YES;
				CLANG_WARN_CONSTANT_CONVERSION = YES;
				CLANG_WARN_DEPRECATED_OBJC_IMPLEMENTATIONS = YES;
				CLANG_WARN_DIRECT_OBJC_ISA_USAGE = YES_ERROR;
				CLANG_WARN_DOCUMENTATION_COMMENTS = YES;
				CLANG_WARN_EMPTY_BODY = YES;
				CLANG_WARN_ENUM_CONVERSION = YES;
				CLANG_WARN_INFINITE_RECURSION = YES;
				CLANG_WARN_INT_CONVERSION = YES;
				CLANG_WARN_NON_LITERAL_NULL_CONVERSION = YES;
				CLANG_WARN_OBJC_IMPLICIT_RETAIN_SELF = YES;
				CLANG_WARN_OBJC_LITERAL_CONVERSION = YES;
				CLANG_WARN_OBJC_ROOT_CLASS = YES_ERROR;
				CLANG_WARN_RANGE_LOOP_ANALYSIS = YES;
				CLANG_WARN_STRICT_PROTOTYPES = YES;
				CLANG_WARN_SUSPICIOUS_MOVE = YES;
				CLANG_WARN_UNGUARDED_AVAILABILITY = YES_AGGRESSIVE;
				CLANG_WARN_UNREACHABLE_CODE = YES;
				CLANG_WARN__DUPLICATE_METHOD_MATCH = YES;
				COPY_PHASE_STRIP = NO;
				DEBUG_INFORMATION_FORMAT = dwarf;
				ENABLE_STRICT_OBJC_MSGSEND = YES;
				ENABLE_TESTABILITY = YES;
				GCC_C_LANGUAGE_STANDARD = gnu11;
				GCC_DYNAMIC_NO_PIC = NO;
				GCC_NO_COMMON_BLOCKS = YES;
				GCC_OPTIMIZATION_LEVEL = 0;
				GCC_PREPROCESSOR_DEFINITIONS = (
					"DEBUG=1",
					"$(inherited)",
				);
				GCC_WARN_64_TO_32_BIT_CONVERSION = YES;
				GCC_WARN_ABOUT_RETURN_TYPE = YES_ERROR;
				GCC_WARN_UNDECLARED_SELECTOR = YES;
				GCC_WARN_UNINITIALIZED_AUTOS = YES_AGGRESSIVE;
				GCC_WARN_UNUSED_FUNCTION = YES;
				GCC_WARN_UNUSED_VARIABLE = YES;
				IPHONEOS_DEPLOYMENT_TARGET = 13.2;
				MTL_ENABLE_DEBUG_INFO = INCLUDE_SOURCE;
				MTL_FAST_MATH = YES;
				ONLY_ACTIVE_ARCH = YES;
				SDKROOT = iphoneos;
				SWIFT_ACTIVE_COMPILATION_CONDITIONS = DEBUG;
				SWIFT_OPTIMIZATION_LEVEL = "-Onone";
			};
			name = Debug;
		};
		62CED9CF2417CC1700CBD39F /* Release */ = {
			isa = XCBuildConfiguration;
			buildSettings = {
				ALWAYS_SEARCH_USER_PATHS = NO;
				CLANG_ANALYZER_NONNULL = YES;
				CLANG_ANALYZER_NUMBER_OBJECT_CONVERSION = YES_AGGRESSIVE;
				CLANG_CXX_LANGUAGE_STANDARD = "gnu++14";
				CLANG_CXX_LIBRARY = "libc++";
				CLANG_ENABLE_MODULES = YES;
				CLANG_ENABLE_OBJC_ARC = YES;
				CLANG_ENABLE_OBJC_WEAK = YES;
				CLANG_WARN_BLOCK_CAPTURE_AUTORELEASING = YES;
				CLANG_WARN_BOOL_CONVERSION = YES;
				CLANG_WARN_COMMA = YES;
				CLANG_WARN_CONSTANT_CONVERSION = YES;
				CLANG_WARN_DEPRECATED_OBJC_IMPLEMENTATIONS = YES;
				CLANG_WARN_DIRECT_OBJC_ISA_USAGE = YES_ERROR;
				CLANG_WARN_DOCUMENTATION_COMMENTS = YES;
				CLANG_WARN_EMPTY_BODY = YES;
				CLANG_WARN_ENUM_CONVERSION = YES;
				CLANG_WARN_INFINITE_RECURSION = YES;
				CLANG_WARN_INT_CONVERSION = YES;
				CLANG_WARN_NON_LITERAL_NULL_CONVERSION = YES;
				CLANG_WARN_OBJC_IMPLICIT_RETAIN_SELF = YES;
				CLANG_WARN_OBJC_LITERAL_CONVERSION = YES;
				CLANG_WARN_OBJC_ROOT_CLASS = YES_ERROR;
				CLANG_WARN_RANGE_LOOP_ANALYSIS = YES;
				CLANG_WARN_STRICT_PROTOTYPES = YES;
				CLANG_WARN_SUSPICIOUS_MOVE = YES;
				CLANG_WARN_UNGUARDED_AVAILABILITY = YES_AGGRESSIVE;
				CLANG_WARN_UNREACHABLE_CODE = YES;
				CLANG_WARN__DUPLICATE_METHOD_MATCH = YES;
				COPY_PHASE_STRIP = NO;
				DEBUG_INFORMATION_FORMAT = "dwarf-with-dsym";
				ENABLE_NS_ASSERTIONS = NO;
				ENABLE_STRICT_OBJC_MSGSEND = YES;
				GCC_C_LANGUAGE_STANDARD = gnu11;
				GCC_NO_COMMON_BLOCKS = YES;
				GCC_WARN_64_TO_32_BIT_CONVERSION = YES;
				GCC_WARN_ABOUT_RETURN_TYPE = YES_ERROR;
				GCC_WARN_UNDECLARED_SELECTOR = YES;
				GCC_WARN_UNINITIALIZED_AUTOS = YES_AGGRESSIVE;
				GCC_WARN_UNUSED_FUNCTION = YES;
				GCC_WARN_UNUSED_VARIABLE = YES;
				IPHONEOS_DEPLOYMENT_TARGET = 13.2;
				MTL_ENABLE_DEBUG_INFO = NO;
				MTL_FAST_MATH = YES;
				SDKROOT = iphoneos;
				SWIFT_COMPILATION_MODE = wholemodule;
				SWIFT_OPTIMIZATION_LEVEL = "-O";
				VALIDATE_PRODUCT = YES;
			};
			name = Release;
		};
		62CED9D12417CC1700CBD39F /* Debug */ = {
			isa = XCBuildConfiguration;
			buildSettings = {
				ASSETCATALOG_COMPILER_APPICON_NAME = AppIcon;
				CODE_SIGN_STYLE = Automatic;
				DEVELOPMENT_TEAM = 669LXTQ46N;
				INFOPLIST_FILE = Concentration/Info.plist;
				LD_RUNPATH_SEARCH_PATHS = (
					"$(inherited)",
					"@executable_path/Frameworks",
				);
				PRODUCT_BUNDLE_IDENTIFIER = wjoseph21.Concentration;
				PRODUCT_NAME = "$(TARGET_NAME)";
				SWIFT_VERSION = 5.0;
				TARGETED_DEVICE_FAMILY = "1,2";
			};
			name = Debug;
		};
		62CED9D22417CC1700CBD39F /* Release */ = {
			isa = XCBuildConfiguration;
			buildSettings = {
				ASSETCATALOG_COMPILER_APPICON_NAME = AppIcon;
				CODE_SIGN_STYLE = Automatic;
				DEVELOPMENT_TEAM = 669LXTQ46N;
				INFOPLIST_FILE = Concentration/Info.plist;
				LD_RUNPATH_SEARCH_PATHS = (
					"$(inherited)",
					"@executable_path/Frameworks",
				);
				PRODUCT_BUNDLE_IDENTIFIER = wjoseph21.Concentration;
				PRODUCT_NAME = "$(TARGET_NAME)";
				SWIFT_VERSION = 5.0;
				TARGETED_DEVICE_FAMILY = "1,2";
			};
			name = Release;
		};
/* End XCBuildConfiguration section */

/* Begin XCConfigurationList section */
		62CED9B72417CC1600CBD39F /* Build configuration list for PBXProject "Concentration" */ = {
			isa = XCConfigurationList;
			buildConfigurations = (
				62CED9CE2417CC1700CBD39F /* Debug */,
				62CED9CF2417CC1700CBD39F /* Release */,
			);
			defaultConfigurationIsVisible = 0;
			defaultConfigurationName = Release;
		};
		62CED9D02417CC1700CBD39F /* Build configuration list for PBXNativeTarget "Concentration" */ = {
			isa = XCConfigurationList;
			buildConfigurations = (
				62CED9D12417CC1700CBD39F /* Debug */,
				62CED9D22417CC1700CBD39F /* Release */,
			);
			defaultConfigurationIsVisible = 0;
			defaultConfigurationName = Release;
		};
/* End XCConfigurationList section */
	};
	rootObject = 62CED9B42417CC1600CBD39F /* Project object */;
}
